
Microsoft Visual Studio Solution File, Format Version 12.00
# Visual Studio 15
VisualStudioVersion = 15.0.26730.16
MinimumVisualStudioVersion = 10.0.40219.1
Project("{FAE04EC0-301F-11D3-BF4B-00C04F79EFBC}") = "project_group", "project_group\project_group.csproj", "{9EAA1D08-ED3D-4798-BDB2-AE8E617BAED0}"
EndProject
Global
	GlobalSection(SolutionConfigurationPlatforms) = preSolution
		Debug|Any CPU = Debug|Any CPU
		Release|Any CPU = Release|Any CPU
	EndGlobalSection
	GlobalSection(ProjectConfigurationPlatforms) = postSolution
		{9EAA1D08-ED3D-4798-BDB2-AE8E617BAED0}.Debug|Any CPU.ActiveCfg = Debug|Any CPU
		{9EAA1D08-ED3D-4798-BDB2-AE8E617BAED0}.Debug|Any CPU.Build.0 = Debug|Any CPU
		{9EAA1D08-ED3D-4798-BDB2-AE8E617BAED0}.Release|Any CPU.ActiveCfg = Release|Any CPU
		{9EAA1D08-ED3D-4798-BDB2-AE8E617BAED0}.Release|Any CPU.Build.0 = Release|Any CPU
	EndGlobalSection
	GlobalSection(SolutionProperties) = preSolution
		HideSolutionNode = FALSE
	EndGlobalSection
	GlobalSection(ExtensibilityGlobals) = postSolution
		SolutionGuid = {2C40869C-E57A-4C90-9101-BFA4B01A1528}
	EndGlobalSection
EndGlobal
